
Microsoft Visual Studio Solution File, Format Version 12.00
# Visual Studio 15
VisualStudioVersion = 15.0.27703.2047
MinimumVisualStudioVersion = 10.0.40219.1
Project("{FAE04EC0-301F-11D3-BF4B-00C04F79EFBC}") = "EjercicioClase17", "EjercicioClase17\EjercicioClase17.csproj", "{A1463BC9-34DE-4C63-BC73-7D53D6DCF7E8}"
EndProject
Project("{FAE04EC0-301F-11D3-BF4B-00C04F79EFBC}") = "Entidades", "Entidades\Entidades.csproj", "{4BC8F4B3-CE7C-40AB-B613-08D3A10495B8}"
EndProject
Global
	GlobalSection(SolutionConfigurationPlatforms) = preSolution
		Debug|Any CPU = Debug|Any CPU
		Release|Any CPU = Release|Any CPU
	EndGlobalSection
	GlobalSection(ProjectConfigurationPlatforms) = postSolution
		{A1463BC9-34DE-4C63-BC73-7D53D6DCF7E8}.Debug|Any CPU.ActiveCfg = Debug|Any CPU
		{A1463BC9-34DE-4C63-BC73-7D53D6DCF7E8}.Debug|Any CPU.Build.0 = Debug|Any CPU
		{A1463BC9-34DE-4C63-BC73-7D53D6DCF7E8}.Release|Any CPU.ActiveCfg = Release|Any CPU
		{A1463BC9-34DE-4C63-BC73-7D53D6DCF7E8}.Release|Any CPU.Build.0 = Release|Any CPU
		{4BC8F4B3-CE7C-40AB-B613-08D3A10495B8}.Debug|Any CPU.ActiveCfg = Debug|Any CPU
		{4BC8F4B3-CE7C-40AB-B613-08D3A10495B8}.Debug|Any CPU.Build.0 = Debug|Any CPU
		{4BC8F4B3-CE7C-40AB-B613-08D3A10495B8}.Release|Any CPU.ActiveCfg = Release|Any CPU
		{4BC8F4B3-CE7C-40AB-B613-08D3A10495B8}.Release|Any CPU.Build.0 = Release|Any CPU
	EndGlobalSection
	GlobalSection(SolutionProperties) = preSolution
		HideSolutionNode = FALSE
	EndGlobalSection
	GlobalSection(ExtensibilityGlobals) = postSolution
		SolutionGuid = {89DF56A7-F81C-4F94-B295-B8DDF3D08448}
	EndGlobalSection
EndGlobal
